
Microsoft Visual Studio Solution File, Format Version 12.00
# Visual Studio Version 16
VisualStudioVersion = 16.0.31729.503
MinimumVisualStudioVersion = 10.0.40219.1
Project("{FAE04EC0-301F-11D3-BF4B-00C04F79EFBC}") = "MvcFood", "MvcFood\MvcFood.csproj", "{150D2AF6-80E5-42A2-B706-C54D8AD64513}"
EndProject
Global
	GlobalSection(SolutionConfigurationPlatforms) = preSolution
		Debug|Any CPU = Debug|Any CPU
		Release|Any CPU = Release|Any CPU
	EndGlobalSection
	GlobalSection(ProjectConfigurationPlatforms) = postSolution
		{150D2AF6-80E5-42A2-B706-C54D8AD64513}.Debug|Any CPU.ActiveCfg = Debug|Any CPU
		{150D2AF6-80E5-42A2-B706-C54D8AD64513}.Debug|Any CPU.Build.0 = Debug|Any CPU
		{150D2AF6-80E5-42A2-B706-C54D8AD64513}.Release|Any CPU.ActiveCfg = Release|Any CPU
		{150D2AF6-80E5-42A2-B706-C54D8AD64513}.Release|Any CPU.Build.0 = Release|Any CPU
	EndGlobalSection
	GlobalSection(SolutionProperties) = preSolution
		HideSolutionNode = FALSE
	EndGlobalSection
	GlobalSection(ExtensibilityGlobals) = postSolution
		SolutionGuid = {2E0E9D19-01F4-4461-BD27-31DAFD7967B3}
	EndGlobalSection
EndGlobal
